<?xml version="1.0" encoding="UTF-8"?>
<CodeBlocks_project_file>
	<FileVersion major="1" minor="6"/>
	<Project>
		<Option title="Darknet"/>
		<Option makefile_is_custom="1"/>
		<Option compiler="gcc"/>
		<Option virtualFolders="CMake Files\;CMake Files\..\;CMake Files\..\..\;CMake Files\..\..\..\;CMake Files\..\..\..\..\;CMake Files\..\..\..\..\usr\;CMake Files\..\..\..\..\usr\share\;CMake Files\..\..\..\..\usr\share\OpenCV\;CMake Files\cmake\;CMake Files\cmake\Modules\;CMake Files\src\;"/>
		<Build>
			<Target title="all">
				<Option working_dir="/home/birgit/ML/myDarknet"/>
				<Option type="4"/>
				<MakeCommands>
					<Build command="/usr/bin/make -f &quot;/home/birgit/ML/myDarknet/Makefile&quot;  VERBOSE=1 all"/>
					<CompileFile command="/usr/bin/make -f &quot;/home/birgit/ML/myDarknet/Makefile&quot;  VERBOSE=1 &quot;$file&quot;"/>
					<Clean command="/usr/bin/make -f &quot;/home/birgit/ML/myDarknet/Makefile&quot;  VERBOSE=1 clean"/>
					<DistClean command="/usr/bin/make -f &quot;/home/birgit/ML/myDarknet/Makefile&quot;  VERBOSE=1 clean"/>
				</MakeCommands>
			</Target>
			<Target title="install/strip">
				<Option working_dir="/home/birgit/ML/myDarknet"/>
				<Option type="4"/>
				<MakeCommands>
					<Build command="/usr/bin/make -f &quot;/home/birgit/ML/myDarknet/Makefile&quot;  VERBOSE=1 install/strip"/>
					<CompileFile command="/usr/bin/make -f &quot;/home/birgit/ML/myDarknet/Makefile&quot;  VERBOSE=1 &quot;$file&quot;"/>
					<Clean command="/usr/bin/make -f &quot;/home/birgit/ML/myDarknet/Makefile&quot;  VERBOSE=1 clean"/>
					<DistClean command="/usr/bin/make -f &quot;/home/birgit/ML/myDarknet/Makefile&quot;  VERBOSE=1 clean"/>
				</MakeCommands>
			</Target>
			<Target title="install/local">
				<Option working_dir="/home/birgit/ML/myDarknet"/>
				<Option type="4"/>
				<MakeCommands>
					<Build command="/usr/bin/make -f &quot;/home/birgit/ML/myDarknet/Makefile&quot;  VERBOSE=1 install/local"/>
					<CompileFile command="/usr/bin/make -f &quot;/home/birgit/ML/myDarknet/Makefile&quot;  VERBOSE=1 &quot;$file&quot;"/>
					<Clean command="/usr/bin/make -f &quot;/home/birgit/ML/myDarknet/Makefile&quot;  VERBOSE=1 clean"/>
					<DistClean command="/usr/bin/make -f &quot;/home/birgit/ML/myDarknet/Makefile&quot;  VERBOSE=1 clean"/>
				</MakeCommands>
			</Target>
			<Target title="install">
				<Option working_dir="/home/birgit/ML/myDarknet"/>
				<Option type="4"/>
				<MakeCommands>
					<Build command="/usr/bin/make -f &quot;/home/birgit/ML/myDarknet/Makefile&quot;  VERBOSE=1 install"/>
					<CompileFile command="/usr/bin/make -f &quot;/home/birgit/ML/myDarknet/Makefile&quot;  VERBOSE=1 &quot;$file&quot;"/>
					<Clean command="/usr/bin/make -f &quot;/home/birgit/ML/myDarknet/Makefile&quot;  VERBOSE=1 clean"/>
					<DistClean command="/usr/bin/make -f &quot;/home/birgit/ML/myDarknet/Makefile&quot;  VERBOSE=1 clean"/>
				</MakeCommands>
			</Target>
			<Target title="uselib">
				<Option output="/home/birgit/ML/myDarknet/uselib" prefix_auto="0" extension_auto="0"/>
				<Option working_dir="/home/birgit/ML/myDarknet"/>
				<Option object_output="./"/>
				<Option type="1"/>
				<Option compiler="gcc"/>
				<Compiler>
					<Add option="-DUSE_CMAKE_LIBS"/>
					<Add option="-DCUDNN"/>
					<Add option="-DCUDNN_HALF"/>
					<Add option="-DOPENCV"/>
					<Add option="-DGPU"/>
					<Add directory="/home/birgit/ML/myDarknet/include"/>
					<Add directory="/home/birgit/ML/myDarknet/src"/>
					<Add directory="/home/birgit/ML/myDarknet/3rdparty/stb/include"/>
					<Add directory="/usr/local/cuda/targets/x86_64-linux/include"/>
					<Add directory="/usr/include/opencv"/>
				</Compiler>
				<MakeCommands>
					<Build command="/usr/bin/make -f &quot;/home/birgit/ML/myDarknet/Makefile&quot;  VERBOSE=1 uselib"/>
					<CompileFile command="/usr/bin/make -f &quot;/home/birgit/ML/myDarknet/Makefile&quot;  VERBOSE=1 &quot;$file&quot;"/>
					<Clean command="/usr/bin/make -f &quot;/home/birgit/ML/myDarknet/Makefile&quot;  VERBOSE=1 clean"/>
					<DistClean command="/usr/bin/make -f &quot;/home/birgit/ML/myDarknet/Makefile&quot;  VERBOSE=1 clean"/>
				</MakeCommands>
			</Target>
			<Target title="uselib/fast">
				<Option output="/home/birgit/ML/myDarknet/uselib" prefix_auto="0" extension_auto="0"/>
				<Option working_dir="/home/birgit/ML/myDarknet"/>
				<Option object_output="./"/>
				<Option type="1"/>
				<Option compiler="gcc"/>
				<Compiler>
					<Add option="-DUSE_CMAKE_LIBS"/>
					<Add option="-DCUDNN"/>
					<Add option="-DCUDNN_HALF"/>
					<Add option="-DOPENCV"/>
					<Add option="-DGPU"/>
					<Add directory="/home/birgit/ML/myDarknet/include"/>
					<Add directory="/home/birgit/ML/myDarknet/src"/>
					<Add directory="/home/birgit/ML/myDarknet/3rdparty/stb/include"/>
					<Add directory="/usr/local/cuda/targets/x86_64-linux/include"/>
					<Add directory="/usr/include/opencv"/>
				</Compiler>
				<MakeCommands>
					<Build command="/usr/bin/make -f &quot;/home/birgit/ML/myDarknet/Makefile&quot;  VERBOSE=1 uselib/fast"/>
					<CompileFile command="/usr/bin/make -f &quot;/home/birgit/ML/myDarknet/Makefile&quot;  VERBOSE=1 &quot;$file&quot;"/>
					<Clean command="/usr/bin/make -f &quot;/home/birgit/ML/myDarknet/Makefile&quot;  VERBOSE=1 clean"/>
					<DistClean command="/usr/bin/make -f &quot;/home/birgit/ML/myDarknet/Makefile&quot;  VERBOSE=1 clean"/>
				</MakeCommands>
			</Target>
			<Target title="edit_cache">
				<Option working_dir="/home/birgit/ML/myDarknet"/>
				<Option type="4"/>
				<MakeCommands>
					<Build command="/usr/bin/make -f &quot;/home/birgit/ML/myDarknet/Makefile&quot;  VERBOSE=1 edit_cache"/>
					<CompileFile command="/usr/bin/make -f &quot;/home/birgit/ML/myDarknet/Makefile&quot;  VERBOSE=1 &quot;$file&quot;"/>
					<Clean command="/usr/bin/make -f &quot;/home/birgit/ML/myDarknet/Makefile&quot;  VERBOSE=1 clean"/>
					<DistClean command="/usr/bin/make -f &quot;/home/birgit/ML/myDarknet/Makefile&quot;  VERBOSE=1 clean"/>
				</MakeCommands>
			</Target>
			<Target title="rebuild_cache">
				<Option working_dir="/home/birgit/ML/myDarknet"/>
				<Option type="4"/>
				<MakeCommands>
					<Build command="/usr/bin/make -f &quot;/home/birgit/ML/myDarknet/Makefile&quot;  VERBOSE=1 rebuild_cache"/>
					<CompileFile command="/usr/bin/make -f &quot;/home/birgit/ML/myDarknet/Makefile&quot;  VERBOSE=1 &quot;$file&quot;"/>
					<Clean command="/usr/bin/make -f &quot;/home/birgit/ML/myDarknet/Makefile&quot;  VERBOSE=1 clean"/>
					<DistClean command="/usr/bin/make -f &quot;/home/birgit/ML/myDarknet/Makefile&quot;  VERBOSE=1 clean"/>
				</MakeCommands>
			</Target>
			<Target title="darknet">
				<Option output="/home/birgit/ML/myDarknet/darknet" prefix_auto="0" extension_auto="0"/>
				<Option working_dir="/home/birgit/ML/myDarknet"/>
				<Option object_output="./"/>
				<Option type="1"/>
				<Option compiler="gcc"/>
				<Compiler>
					<Add option="-DUSE_CMAKE_LIBS"/>
					<Add option="-DCUDNN"/>
					<Add option="-DCUDNN_HALF"/>
					<Add option="-DOPENCV"/>
					<Add option="-DGPU"/>
					<Add directory="/home/birgit/ML/myDarknet/include"/>
					<Add directory="/home/birgit/ML/myDarknet/src"/>
					<Add directory="/home/birgit/ML/myDarknet/3rdparty/stb/include"/>
					<Add directory="/usr/local/cuda/targets/x86_64-linux/include"/>
					<Add directory="/usr/local/cuda/include"/>
					<Add directory="/usr/include/opencv"/>
				</Compiler>
				<MakeCommands>
					<Build command="/usr/bin/make -f &quot;/home/birgit/ML/myDarknet/Makefile&quot;  VERBOSE=1 darknet"/>
					<CompileFile command="/usr/bin/make -f &quot;/home/birgit/ML/myDarknet/Makefile&quot;  VERBOSE=1 &quot;$file&quot;"/>
					<Clean command="/usr/bin/make -f &quot;/home/birgit/ML/myDarknet/Makefile&quot;  VERBOSE=1 clean"/>
					<DistClean command="/usr/bin/make -f &quot;/home/birgit/ML/myDarknet/Makefile&quot;  VERBOSE=1 clean"/>
				</MakeCommands>
			</Target>
			<Target title="darknet/fast">
				<Option output="/home/birgit/ML/myDarknet/darknet" prefix_auto="0" extension_auto="0"/>
				<Option working_dir="/home/birgit/ML/myDarknet"/>
				<Option object_output="./"/>
				<Option type="1"/>
				<Option compiler="gcc"/>
				<Compiler>
					<Add option="-DUSE_CMAKE_LIBS"/>
					<Add option="-DCUDNN"/>
					<Add option="-DCUDNN_HALF"/>
					<Add option="-DOPENCV"/>
					<Add option="-DGPU"/>
					<Add directory="/home/birgit/ML/myDarknet/include"/>
					<Add directory="/home/birgit/ML/myDarknet/src"/>
					<Add directory="/home/birgit/ML/myDarknet/3rdparty/stb/include"/>
					<Add directory="/usr/local/cuda/targets/x86_64-linux/include"/>
					<Add directory="/usr/local/cuda/include"/>
					<Add directory="/usr/include/opencv"/>
				</Compiler>
				<MakeCommands>
					<Build command="/usr/bin/make -f &quot;/home/birgit/ML/myDarknet/Makefile&quot;  VERBOSE=1 darknet/fast"/>
					<CompileFile command="/usr/bin/make -f &quot;/home/birgit/ML/myDarknet/Makefile&quot;  VERBOSE=1 &quot;$file&quot;"/>
					<Clean command="/usr/bin/make -f &quot;/home/birgit/ML/myDarknet/Makefile&quot;  VERBOSE=1 clean"/>
					<DistClean command="/usr/bin/make -f &quot;/home/birgit/ML/myDarknet/Makefile&quot;  VERBOSE=1 clean"/>
				</MakeCommands>
			</Target>
			<Target title="dark">
				<Option output="/home/birgit/ML/myDarknet/libdark.so" prefix_auto="0" extension_auto="0"/>
				<Option working_dir="/home/birgit/ML/myDarknet"/>
				<Option object_output="./"/>
				<Option type="3"/>
				<Option compiler="gcc"/>
				<Compiler>
					<Add option="-DLIB_EXPORTS=1"/>
					<Add option="-DUSE_CMAKE_LIBS"/>
					<Add option="-DCUDNN"/>
					<Add option="-DCUDNN_HALF"/>
					<Add option="-DOPENCV"/>
					<Add option="-DGPU"/>
					<Add directory="/home/birgit/ML/myDarknet/include"/>
					<Add directory="/home/birgit/ML/myDarknet/src"/>
					<Add directory="/home/birgit/ML/myDarknet/3rdparty/stb/include"/>
					<Add directory="/usr/local/cuda/targets/x86_64-linux/include"/>
					<Add directory="/usr/include/opencv"/>
					<Add directory="/usr/local/cuda/include"/>
				</Compiler>
				<MakeCommands>
					<Build command="/usr/bin/make -f &quot;/home/birgit/ML/myDarknet/Makefile&quot;  VERBOSE=1 dark"/>
					<CompileFile command="/usr/bin/make -f &quot;/home/birgit/ML/myDarknet/Makefile&quot;  VERBOSE=1 &quot;$file&quot;"/>
					<Clean command="/usr/bin/make -f &quot;/home/birgit/ML/myDarknet/Makefile&quot;  VERBOSE=1 clean"/>
					<DistClean command="/usr/bin/make -f &quot;/home/birgit/ML/myDarknet/Makefile&quot;  VERBOSE=1 clean"/>
				</MakeCommands>
			</Target>
			<Target title="dark/fast">
				<Option output="/home/birgit/ML/myDarknet/libdark.so" prefix_auto="0" extension_auto="0"/>
				<Option working_dir="/home/birgit/ML/myDarknet"/>
				<Option object_output="./"/>
				<Option type="3"/>
				<Option compiler="gcc"/>
				<Compiler>
					<Add option="-DLIB_EXPORTS=1"/>
					<Add option="-DUSE_CMAKE_LIBS"/>
					<Add option="-DCUDNN"/>
					<Add option="-DCUDNN_HALF"/>
					<Add option="-DOPENCV"/>
					<Add option="-DGPU"/>
					<Add directory="/home/birgit/ML/myDarknet/include"/>
					<Add directory="/home/birgit/ML/myDarknet/src"/>
					<Add directory="/home/birgit/ML/myDarknet/3rdparty/stb/include"/>
					<Add directory="/usr/local/cuda/targets/x86_64-linux/include"/>
					<Add directory="/usr/include/opencv"/>
					<Add directory="/usr/local/cuda/include"/>
				</Compiler>
				<MakeCommands>
					<Build command="/usr/bin/make -f &quot;/home/birgit/ML/myDarknet/Makefile&quot;  VERBOSE=1 dark/fast"/>
					<CompileFile command="/usr/bin/make -f &quot;/home/birgit/ML/myDarknet/Makefile&quot;  VERBOSE=1 &quot;$file&quot;"/>
					<Clean command="/usr/bin/make -f &quot;/home/birgit/ML/myDarknet/Makefile&quot;  VERBOSE=1 clean"/>
					<DistClean command="/usr/bin/make -f &quot;/home/birgit/ML/myDarknet/Makefile&quot;  VERBOSE=1 clean"/>
				</MakeCommands>
			</Target>
			<Target title="list_install_components">
				<Option working_dir="/home/birgit/ML/myDarknet"/>
				<Option type="4"/>
				<MakeCommands>
					<Build command="/usr/bin/make -f &quot;/home/birgit/ML/myDarknet/Makefile&quot;  VERBOSE=1 list_install_components"/>
					<CompileFile command="/usr/bin/make -f &quot;/home/birgit/ML/myDarknet/Makefile&quot;  VERBOSE=1 &quot;$file&quot;"/>
					<Clean command="/usr/bin/make -f &quot;/home/birgit/ML/myDarknet/Makefile&quot;  VERBOSE=1 clean"/>
					<DistClean command="/usr/bin/make -f &quot;/home/birgit/ML/myDarknet/Makefile&quot;  VERBOSE=1 clean"/>
				</MakeCommands>
			</Target>
		</Build>
		<Unit filename="/home/birgit/ML/myDarknet/include/darknet.h">
			<Option target="darknet"/>
			<Option target="dark"/>
		</Unit>
		<Unit filename="/home/birgit/ML/myDarknet/include/yolo_v2_class.hpp">
			<Option target="dark"/>
		</Unit>
		<Unit filename="/home/birgit/ML/myDarknet/src/activation_kernels.cu">
			<Option target="darknet"/>
			<Option target="dark"/>
		</Unit>
		<Unit filename="/home/birgit/ML/myDarknet/src/activation_layer.c">
			<Option target="darknet"/>
			<Option target="dark"/>
		</Unit>
		<Unit filename="/home/birgit/ML/myDarknet/src/activation_layer.h">
			<Option target="darknet"/>
			<Option target="dark"/>
		</Unit>
		<Unit filename="/home/birgit/ML/myDarknet/src/activations.c">
			<Option target="darknet"/>
			<Option target="dark"/>
		</Unit>
		<Unit filename="/home/birgit/ML/myDarknet/src/activations.h">
			<Option target="darknet"/>
			<Option target="dark"/>
		</Unit>
		<Unit filename="/home/birgit/ML/myDarknet/src/art.c">
			<Option target="darknet"/>
			<Option target="dark"/>
		</Unit>
		<Unit filename="/home/birgit/ML/myDarknet/src/avgpool_layer.c">
			<Option target="darknet"/>
			<Option target="dark"/>
		</Unit>
		<Unit filename="/home/birgit/ML/myDarknet/src/avgpool_layer.h">
			<Option target="darknet"/>
			<Option target="dark"/>
		</Unit>
		<Unit filename="/home/birgit/ML/myDarknet/src/avgpool_layer_kernels.cu">
			<Option target="darknet"/>
			<Option target="dark"/>
		</Unit>
		<Unit filename="/home/birgit/ML/myDarknet/src/batchnorm_layer.c">
			<Option target="darknet"/>
			<Option target="dark"/>
		</Unit>
		<Unit filename="/home/birgit/ML/myDarknet/src/batchnorm_layer.h">
			<Option target="darknet"/>
			<Option target="dark"/>
		</Unit>
		<Unit filename="/home/birgit/ML/myDarknet/src/blas.c">
			<Option target="darknet"/>
			<Option target="dark"/>
		</Unit>
		<Unit filename="/home/birgit/ML/myDarknet/src/blas.h">
			<Option target="darknet"/>
			<Option target="dark"/>
		</Unit>
		<Unit filename="/home/birgit/ML/myDarknet/src/blas_kernels.cu">
			<Option target="darknet"/>
			<Option target="dark"/>
		</Unit>
		<Unit filename="/home/birgit/ML/myDarknet/src/box.c">
			<Option target="darknet"/>
			<Option target="dark"/>
		</Unit>
		<Unit filename="/home/birgit/ML/myDarknet/src/box.h">
			<Option target="darknet"/>
			<Option target="dark"/>
		</Unit>
		<Unit filename="/home/birgit/ML/myDarknet/src/captcha.c">
			<Option target="darknet"/>
			<Option target="dark"/>
		</Unit>
		<Unit filename="/home/birgit/ML/myDarknet/src/cifar.c">
			<Option target="darknet"/>
			<Option target="dark"/>
		</Unit>
		<Unit filename="/home/birgit/ML/myDarknet/src/classifier.c">
			<Option target="darknet"/>
			<Option target="dark"/>
		</Unit>
		<Unit filename="/home/birgit/ML/myDarknet/src/classifier.h">
			<Option target="darknet"/>
			<Option target="dark"/>
		</Unit>
		<Unit filename="/home/birgit/ML/myDarknet/src/coco.c">
			<Option target="darknet"/>
			<Option target="dark"/>
		</Unit>
		<Unit filename="/home/birgit/ML/myDarknet/src/col2im.c">
			<Option target="darknet"/>
			<Option target="dark"/>
		</Unit>
		<Unit filename="/home/birgit/ML/myDarknet/src/col2im.h">
			<Option target="darknet"/>
			<Option target="dark"/>
		</Unit>
		<Unit filename="/home/birgit/ML/myDarknet/src/col2im_kernels.cu">
			<Option target="darknet"/>
			<Option target="dark"/>
		</Unit>
		<Unit filename="/home/birgit/ML/myDarknet/src/compare.c">
			<Option target="darknet"/>
			<Option target="dark"/>
		</Unit>
		<Unit filename="/home/birgit/ML/myDarknet/src/connected_layer.c">
			<Option target="darknet"/>
			<Option target="dark"/>
		</Unit>
		<Unit filename="/home/birgit/ML/myDarknet/src/connected_layer.h">
			<Option target="darknet"/>
			<Option target="dark"/>
		</Unit>
		<Unit filename="/home/birgit/ML/myDarknet/src/conv_lstm_layer.c">
			<Option target="darknet"/>
			<Option target="dark"/>
		</Unit>
		<Unit filename="/home/birgit/ML/myDarknet/src/conv_lstm_layer.h">
			<Option target="darknet"/>
			<Option target="dark"/>
		</Unit>
		<Unit filename="/home/birgit/ML/myDarknet/src/convolutional_kernels.cu">
			<Option target="darknet"/>
			<Option target="dark"/>
		</Unit>
		<Unit filename="/home/birgit/ML/myDarknet/src/convolutional_layer.c">
			<Option target="darknet"/>
			<Option target="dark"/>
		</Unit>
		<Unit filename="/home/birgit/ML/myDarknet/src/convolutional_layer.h">
			<Option target="darknet"/>
			<Option target="dark"/>
		</Unit>
		<Unit filename="/home/birgit/ML/myDarknet/src/cost_layer.c">
			<Option target="darknet"/>
			<Option target="dark"/>
		</Unit>
		<Unit filename="/home/birgit/ML/myDarknet/src/cost_layer.h">
			<Option target="darknet"/>
			<Option target="dark"/>
		</Unit>
		<Unit filename="/home/birgit/ML/myDarknet/src/cpu_gemm.c">
			<Option target="darknet"/>
			<Option target="dark"/>
		</Unit>
		<Unit filename="/home/birgit/ML/myDarknet/src/crnn_layer.c">
			<Option target="darknet"/>
			<Option target="dark"/>
		</Unit>
		<Unit filename="/home/birgit/ML/myDarknet/src/crnn_layer.h">
			<Option target="darknet"/>
			<Option target="dark"/>
		</Unit>
		<Unit filename="/home/birgit/ML/myDarknet/src/crop_layer.c">
			<Option target="darknet"/>
			<Option target="dark"/>
		</Unit>
		<Unit filename="/home/birgit/ML/myDarknet/src/crop_layer.h">
			<Option target="darknet"/>
			<Option target="dark"/>
		</Unit>
		<Unit filename="/home/birgit/ML/myDarknet/src/crop_layer_kernels.cu">
			<Option target="darknet"/>
			<Option target="dark"/>
		</Unit>
		<Unit filename="/home/birgit/ML/myDarknet/src/dark_cuda.c">
			<Option target="darknet"/>
			<Option target="dark"/>
		</Unit>
		<Unit filename="/home/birgit/ML/myDarknet/src/dark_cuda.h">
			<Option target="darknet"/>
			<Option target="dark"/>
		</Unit>
		<Unit filename="/home/birgit/ML/myDarknet/src/darknet.c">
			<Option target="darknet"/>
		</Unit>
		<Unit filename="/home/birgit/ML/myDarknet/src/darkunistd.h">
			<Option target="darknet"/>
			<Option target="dark"/>
		</Unit>
		<Unit filename="/home/birgit/ML/myDarknet/src/data.c">
			<Option target="darknet"/>
			<Option target="dark"/>
		</Unit>
		<Unit filename="/home/birgit/ML/myDarknet/src/data.h">
			<Option target="darknet"/>
			<Option target="dark"/>
		</Unit>
		<Unit filename="/home/birgit/ML/myDarknet/src/deconvolutional_kernels.cu">
			<Option target="darknet"/>
			<Option target="dark"/>
		</Unit>
		<Unit filename="/home/birgit/ML/myDarknet/src/deconvolutional_layer.c">
			<Option target="darknet"/>
			<Option target="dark"/>
		</Unit>
		<Unit filename="/home/birgit/ML/myDarknet/src/deconvolutional_layer.h">
			<Option target="darknet"/>
			<Option target="dark"/>
		</Unit>
		<Unit filename="/home/birgit/ML/myDarknet/src/demo.c">
			<Option target="darknet"/>
			<Option target="dark"/>
		</Unit>
		<Unit filename="/home/birgit/ML/myDarknet/src/demo.h">
			<Option target="darknet"/>
			<Option target="dark"/>
		</Unit>
		<Unit filename="/home/birgit/ML/myDarknet/src/detection_layer.c">
			<Option target="darknet"/>
			<Option target="dark"/>
		</Unit>
		<Unit filename="/home/birgit/ML/myDarknet/src/detection_layer.h">
			<Option target="darknet"/>
			<Option target="dark"/>
		</Unit>
		<Unit filename="/home/birgit/ML/myDarknet/src/detector.c">
			<Option target="darknet"/>
			<Option target="dark"/>
		</Unit>
		<Unit filename="/home/birgit/ML/myDarknet/src/dice.c">
			<Option target="darknet"/>
			<Option target="dark"/>
		</Unit>
		<Unit filename="/home/birgit/ML/myDarknet/src/dropout_layer.c">
			<Option target="darknet"/>
			<Option target="dark"/>
		</Unit>
		<Unit filename="/home/birgit/ML/myDarknet/src/dropout_layer.h">
			<Option target="darknet"/>
			<Option target="dark"/>
		</Unit>
		<Unit filename="/home/birgit/ML/myDarknet/src/dropout_layer_kernels.cu">
			<Option target="darknet"/>
			<Option target="dark"/>
		</Unit>
		<Unit filename="/home/birgit/ML/myDarknet/src/gemm.c">
			<Option target="darknet"/>
			<Option target="dark"/>
		</Unit>
		<Unit filename="/home/birgit/ML/myDarknet/src/gemm.h">
			<Option target="darknet"/>
			<Option target="dark"/>
		</Unit>
		<Unit filename="/home/birgit/ML/myDarknet/src/go.c">
			<Option target="darknet"/>
			<Option target="dark"/>
		</Unit>
		<Unit filename="/home/birgit/ML/myDarknet/src/gru_layer.c">
			<Option target="darknet"/>
			<Option target="dark"/>
		</Unit>
		<Unit filename="/home/birgit/ML/myDarknet/src/gru_layer.h">
			<Option target="darknet"/>
			<Option target="dark"/>
		</Unit>
		<Unit filename="/home/birgit/ML/myDarknet/src/http_stream.cpp">
			<Option target="darknet"/>
			<Option target="dark"/>
		</Unit>
		<Unit filename="/home/birgit/ML/myDarknet/src/http_stream.h">
			<Option target="darknet"/>
			<Option target="dark"/>
		</Unit>
		<Unit filename="/home/birgit/ML/myDarknet/src/im2col.c">
			<Option target="darknet"/>
			<Option target="dark"/>
		</Unit>
		<Unit filename="/home/birgit/ML/myDarknet/src/im2col.h">
			<Option target="darknet"/>
			<Option target="dark"/>
		</Unit>
		<Unit filename="/home/birgit/ML/myDarknet/src/im2col_kernels.cu">
			<Option target="darknet"/>
			<Option target="dark"/>
		</Unit>
		<Unit filename="/home/birgit/ML/myDarknet/src/image.c">
			<Option target="darknet"/>
			<Option target="dark"/>
		</Unit>
		<Unit filename="/home/birgit/ML/myDarknet/src/image.h">
			<Option target="darknet"/>
			<Option target="dark"/>
		</Unit>
		<Unit filename="/home/birgit/ML/myDarknet/src/image_opencv.cpp">
			<Option target="darknet"/>
			<Option target="dark"/>
		</Unit>
		<Unit filename="/home/birgit/ML/myDarknet/src/image_opencv.h">
			<Option target="darknet"/>
			<Option target="dark"/>
		</Unit>
		<Unit filename="/home/birgit/ML/myDarknet/src/layer.c">
			<Option target="darknet"/>
			<Option target="dark"/>
		</Unit>
		<Unit filename="/home/birgit/ML/myDarknet/src/layer.h">
			<Option target="darknet"/>
			<Option target="dark"/>
		</Unit>
		<Unit filename="/home/birgit/ML/myDarknet/src/list.c">
			<Option target="darknet"/>
			<Option target="dark"/>
		</Unit>
		<Unit filename="/home/birgit/ML/myDarknet/src/list.h">
			<Option target="darknet"/>
			<Option target="dark"/>
		</Unit>
		<Unit filename="/home/birgit/ML/myDarknet/src/local_layer.c">
			<Option target="darknet"/>
			<Option target="dark"/>
		</Unit>
		<Unit filename="/home/birgit/ML/myDarknet/src/local_layer.h">
			<Option target="darknet"/>
			<Option target="dark"/>
		</Unit>
		<Unit filename="/home/birgit/ML/myDarknet/src/lstm_layer.c">
			<Option target="darknet"/>
			<Option target="dark"/>
		</Unit>
		<Unit filename="/home/birgit/ML/myDarknet/src/lstm_layer.h">
			<Option target="darknet"/>
			<Option target="dark"/>
		</Unit>
		<Unit filename="/home/birgit/ML/myDarknet/src/matrix.c">
			<Option target="darknet"/>
			<Option target="dark"/>
		</Unit>
		<Unit filename="/home/birgit/ML/myDarknet/src/matrix.h">
			<Option target="darknet"/>
			<Option target="dark"/>
		</Unit>
		<Unit filename="/home/birgit/ML/myDarknet/src/maxpool_layer.c">
			<Option target="darknet"/>
			<Option target="dark"/>
		</Unit>
		<Unit filename="/home/birgit/ML/myDarknet/src/maxpool_layer.h">
			<Option target="darknet"/>
			<Option target="dark"/>
		</Unit>
		<Unit filename="/home/birgit/ML/myDarknet/src/maxpool_layer_kernels.cu">
			<Option target="darknet"/>
			<Option target="dark"/>
		</Unit>
		<Unit filename="/home/birgit/ML/myDarknet/src/network.c">
			<Option target="darknet"/>
			<Option target="dark"/>
		</Unit>
		<Unit filename="/home/birgit/ML/myDarknet/src/network.h">
			<Option target="darknet"/>
			<Option target="dark"/>
		</Unit>
		<Unit filename="/home/birgit/ML/myDarknet/src/network_kernels.cu">
			<Option target="darknet"/>
			<Option target="dark"/>
		</Unit>
		<Unit filename="/home/birgit/ML/myDarknet/src/nightmare.c">
			<Option target="darknet"/>
			<Option target="dark"/>
		</Unit>
		<Unit filename="/home/birgit/ML/myDarknet/src/normalization_layer.c">
			<Option target="darknet"/>
			<Option target="dark"/>
		</Unit>
		<Unit filename="/home/birgit/ML/myDarknet/src/normalization_layer.h">
			<Option target="darknet"/>
			<Option target="dark"/>
		</Unit>
		<Unit filename="/home/birgit/ML/myDarknet/src/option_list.c">
			<Option target="darknet"/>
			<Option target="dark"/>
		</Unit>
		<Unit filename="/home/birgit/ML/myDarknet/src/option_list.h">
			<Option target="darknet"/>
			<Option target="dark"/>
		</Unit>
		<Unit filename="/home/birgit/ML/myDarknet/src/parser.c">
			<Option target="darknet"/>
			<Option target="dark"/>
		</Unit>
		<Unit filename="/home/birgit/ML/myDarknet/src/parser.h">
			<Option target="darknet"/>
			<Option target="dark"/>
		</Unit>
		<Unit filename="/home/birgit/ML/myDarknet/src/region_layer.c">
			<Option target="darknet"/>
			<Option target="dark"/>
		</Unit>
		<Unit filename="/home/birgit/ML/myDarknet/src/region_layer.h">
			<Option target="darknet"/>
			<Option target="dark"/>
		</Unit>
		<Unit filename="/home/birgit/ML/myDarknet/src/reorg_layer.c">
			<Option target="darknet"/>
			<Option target="dark"/>
		</Unit>
		<Unit filename="/home/birgit/ML/myDarknet/src/reorg_layer.h">
			<Option target="darknet"/>
			<Option target="dark"/>
		</Unit>
		<Unit filename="/home/birgit/ML/myDarknet/src/reorg_old_layer.c">
			<Option target="darknet"/>
			<Option target="dark"/>
		</Unit>
		<Unit filename="/home/birgit/ML/myDarknet/src/reorg_old_layer.h">
			<Option target="darknet"/>
			<Option target="dark"/>
		</Unit>
		<Unit filename="/home/birgit/ML/myDarknet/src/rnn.c">
			<Option target="darknet"/>
			<Option target="dark"/>
		</Unit>
		<Unit filename="/home/birgit/ML/myDarknet/src/rnn_layer.c">
			<Option target="darknet"/>
			<Option target="dark"/>
		</Unit>
		<Unit filename="/home/birgit/ML/myDarknet/src/rnn_layer.h">
			<Option target="darknet"/>
			<Option target="dark"/>
		</Unit>
		<Unit filename="/home/birgit/ML/myDarknet/src/rnn_vid.c">
			<Option target="darknet"/>
			<Option target="dark"/>
		</Unit>
		<Unit filename="/home/birgit/ML/myDarknet/src/route_layer.c">
			<Option target="darknet"/>
			<Option target="dark"/>
		</Unit>
		<Unit filename="/home/birgit/ML/myDarknet/src/route_layer.h">
			<Option target="darknet"/>
			<Option target="dark"/>
		</Unit>
		<Unit filename="/home/birgit/ML/myDarknet/src/sam_layer.c">
			<Option target="darknet"/>
			<Option target="dark"/>
		</Unit>
		<Unit filename="/home/birgit/ML/myDarknet/src/sam_layer.h">
			<Option target="darknet"/>
			<Option target="dark"/>
		</Unit>
		<Unit filename="/home/birgit/ML/myDarknet/src/scale_channels_layer.c">
			<Option target="darknet"/>
			<Option target="dark"/>
		</Unit>
		<Unit filename="/home/birgit/ML/myDarknet/src/scale_channels_layer.h">
			<Option target="darknet"/>
			<Option target="dark"/>
		</Unit>
		<Unit filename="/home/birgit/ML/myDarknet/src/shortcut_layer.c">
			<Option target="darknet"/>
			<Option target="dark"/>
		</Unit>
		<Unit filename="/home/birgit/ML/myDarknet/src/shortcut_layer.h">
			<Option target="darknet"/>
			<Option target="dark"/>
		</Unit>
		<Unit filename="/home/birgit/ML/myDarknet/src/softmax_layer.c">
			<Option target="darknet"/>
			<Option target="dark"/>
		</Unit>
		<Unit filename="/home/birgit/ML/myDarknet/src/softmax_layer.h">
			<Option target="darknet"/>
			<Option target="dark"/>
		</Unit>
		<Unit filename="/home/birgit/ML/myDarknet/src/super.c">
			<Option target="darknet"/>
			<Option target="dark"/>
		</Unit>
		<Unit filename="/home/birgit/ML/myDarknet/src/swag.c">
			<Option target="darknet"/>
			<Option target="dark"/>
		</Unit>
		<Unit filename="/home/birgit/ML/myDarknet/src/tag.c">
			<Option target="darknet"/>
			<Option target="dark"/>
		</Unit>
		<Unit filename="/home/birgit/ML/myDarknet/src/tree.c">
			<Option target="darknet"/>
			<Option target="dark"/>
		</Unit>
		<Unit filename="/home/birgit/ML/myDarknet/src/tree.h">
			<Option target="darknet"/>
			<Option target="dark"/>
		</Unit>
		<Unit filename="/home/birgit/ML/myDarknet/src/upsample_layer.c">
			<Option target="darknet"/>
			<Option target="dark"/>
		</Unit>
		<Unit filename="/home/birgit/ML/myDarknet/src/upsample_layer.h">
			<Option target="darknet"/>
			<Option target="dark"/>
		</Unit>
		<Unit filename="/home/birgit/ML/myDarknet/src/utils.c">
			<Option target="darknet"/>
			<Option target="dark"/>
		</Unit>
		<Unit filename="/home/birgit/ML/myDarknet/src/utils.h">
			<Option target="darknet"/>
			<Option target="dark"/>
		</Unit>
		<Unit filename="/home/birgit/ML/myDarknet/src/version.h">
			<Option target="darknet"/>
			<Option target="dark"/>
		</Unit>
		<Unit filename="/home/birgit/ML/myDarknet/src/voxel.c">
			<Option target="darknet"/>
			<Option target="dark"/>
		</Unit>
		<Unit filename="/home/birgit/ML/myDarknet/src/writing.c">
			<Option target="darknet"/>
			<Option target="dark"/>
		</Unit>
		<Unit filename="/home/birgit/ML/myDarknet/src/yolo.c">
			<Option target="darknet"/>
			<Option target="dark"/>
		</Unit>
		<Unit filename="/home/birgit/ML/myDarknet/src/yolo_console_dll.cpp">
			<Option target="uselib"/>
		</Unit>
		<Unit filename="/home/birgit/ML/myDarknet/src/yolo_layer.c">
			<Option target="darknet"/>
			<Option target="dark"/>
		</Unit>
		<Unit filename="/home/birgit/ML/myDarknet/src/yolo_layer.h">
			<Option target="darknet"/>
			<Option target="dark"/>
		</Unit>
		<Unit filename="/home/birgit/ML/myDarknet/src/yolo_v2_class.cpp">
			<Option target="dark"/>
		</Unit>
		<Unit filename="/home/birgit/ML/myDarknet/CMakeLists.txt">
			<Option virtualFolder="CMake Files\"/>
		</Unit>
		<Unit filename="/home/birgit/ML/myDarknet/DarknetConfig.cmake.in">
			<Option virtualFolder="CMake Files\"/>
		</Unit>
		<Unit filename="/home/birgit/ML/myDarknet/detect_cuda_compute_capabilities.cu">
			<Option virtualFolder="CMake Files\"/>
		</Unit>
		<Unit filename="/home/birgit/ML/myDarknet/../../../../usr/share/OpenCV/OpenCVConfig-version.cmake">
			<Option virtualFolder="CMake Files\..\..\..\..\usr\share\OpenCV\"/>
		</Unit>
		<Unit filename="/home/birgit/ML/myDarknet/../../../../usr/share/OpenCV/OpenCVConfig.cmake">
			<Option virtualFolder="CMake Files\..\..\..\..\usr\share\OpenCV\"/>
		</Unit>
		<Unit filename="/home/birgit/ML/myDarknet/../../../../usr/share/OpenCV/OpenCVModules-release.cmake">
			<Option virtualFolder="CMake Files\..\..\..\..\usr\share\OpenCV\"/>
		</Unit>
		<Unit filename="/home/birgit/ML/myDarknet/../../../../usr/share/OpenCV/OpenCVModules.cmake">
			<Option virtualFolder="CMake Files\..\..\..\..\usr\share\OpenCV\"/>
		</Unit>
		<Unit filename="/home/birgit/ML/myDarknet/cmake/Modules/FindCUDNN.cmake">
			<Option virtualFolder="CMake Files\cmake\Modules\"/>
		</Unit>
		<Unit filename="/home/birgit/ML/myDarknet/cmake/Modules/FindStb.cmake">
			<Option virtualFolder="CMake Files\cmake\Modules\"/>
		</Unit>
		<Unit filename="/home/birgit/ML/myDarknet/src/version.h.in">
			<Option virtualFolder="CMake Files\src\"/>
		</Unit>
	</Project>
</CodeBlocks_project_file>
